
Microsoft Visual Studio Solution File, Format Version 12.00
# Visual Studio Version 17
VisualStudioVersion = 17.4.33213.308
MinimumVisualStudioVersion = 10.0.40219.1
Project("{FAE04EC0-301F-11D3-BF4B-00C04F79EFBC}") = "decorator", "decorator.csproj", "{F3ABA574-5548-4ECF-98B2-1B68524AD7CD}"
EndProject
Global
	GlobalSection(SolutionConfigurationPlatforms) = preSolution
		Debug|Any CPU = Debug|Any CPU
		Release|Any CPU = Release|Any CPU
	EndGlobalSection
	GlobalSection(ProjectConfigurationPlatforms) = postSolution
		{F3ABA574-5548-4ECF-98B2-1B68524AD7CD}.Debug|Any CPU.ActiveCfg = Debug|Any CPU
		{F3ABA574-5548-4ECF-98B2-1B68524AD7CD}.Debug|Any CPU.Build.0 = Debug|Any CPU
		{F3ABA574-5548-4ECF-98B2-1B68524AD7CD}.Release|Any CPU.ActiveCfg = Release|Any CPU
		{F3ABA574-5548-4ECF-98B2-1B68524AD7CD}.Release|Any CPU.Build.0 = Release|Any CPU
	EndGlobalSection
	GlobalSection(SolutionProperties) = preSolution
		HideSolutionNode = FALSE
	EndGlobalSection
	GlobalSection(ExtensibilityGlobals) = postSolution
		SolutionGuid = {0ABCF966-AC17-4C6B-BC87-361B4A6933B9}
	EndGlobalSection
EndGlobal
